
Microsoft Visual Studio Solution File, Format Version 12.00
# Visual Studio Version 17
VisualStudioVersion = 17.11.35327.3
MinimumVisualStudioVersion = 10.0.40219.1
Project("{9A19103F-16F7-4668-BE54-9A1E7A4F7556}") = "PaymentSystem", "PaymentSystem\PaymentSystem.csproj", "{BF514728-554D-46DC-A322-D17BF9620A9E}"
EndProject
Project("{9A19103F-16F7-4668-BE54-9A1E7A4F7556}") = "TestProject", "TestProject\TestProject.csproj", "{962AF726-DDDE-4D51-807D-AB2CBCC0ED36}"
EndProject
Project("{9A19103F-16F7-4668-BE54-9A1E7A4F7556}") = "LH.Tool.Decoupling", "LH.Tool.Decoupling\LH.Tool.Decoupling\LH.Tool.Decoupling.csproj", "{00E12D5B-7875-4E62-B60D-75CF2905BFB8}"
EndProject
Project("{FAE04EC0-301F-11D3-BF4B-00C04F79EFBC}") = "PaymentModule", "PaymentModule\PaymentModule.csproj", "{A825A0F8-6B33-4214-891F-026917B3A5FD}"
EndProject
Global
	GlobalSection(SolutionConfigurationPlatforms) = preSolution
		Debug|Any CPU = Debug|Any CPU
		Release|Any CPU = Release|Any CPU
	EndGlobalSection
	GlobalSection(ProjectConfigurationPlatforms) = postSolution
		{BF514728-554D-46DC-A322-D17BF9620A9E}.Debug|Any CPU.ActiveCfg = Debug|Any CPU
		{BF514728-554D-46DC-A322-D17BF9620A9E}.Debug|Any CPU.Build.0 = Debug|Any CPU
		{BF514728-554D-46DC-A322-D17BF9620A9E}.Release|Any CPU.ActiveCfg = Release|Any CPU
		{BF514728-554D-46DC-A322-D17BF9620A9E}.Release|Any CPU.Build.0 = Release|Any CPU
		{962AF726-DDDE-4D51-807D-AB2CBCC0ED36}.Debug|Any CPU.ActiveCfg = Debug|Any CPU
		{962AF726-DDDE-4D51-807D-AB2CBCC0ED36}.Debug|Any CPU.Build.0 = Debug|Any CPU
		{962AF726-DDDE-4D51-807D-AB2CBCC0ED36}.Release|Any CPU.ActiveCfg = Release|Any CPU
		{962AF726-DDDE-4D51-807D-AB2CBCC0ED36}.Release|Any CPU.Build.0 = Release|Any CPU
		{00E12D5B-7875-4E62-B60D-75CF2905BFB8}.Debug|Any CPU.ActiveCfg = Debug|Any CPU
		{00E12D5B-7875-4E62-B60D-75CF2905BFB8}.Debug|Any CPU.Build.0 = Debug|Any CPU
		{00E12D5B-7875-4E62-B60D-75CF2905BFB8}.Release|Any CPU.ActiveCfg = Release|Any CPU
		{00E12D5B-7875-4E62-B60D-75CF2905BFB8}.Release|Any CPU.Build.0 = Release|Any CPU
		{A825A0F8-6B33-4214-891F-026917B3A5FD}.Debug|Any CPU.ActiveCfg = Debug|Any CPU
		{A825A0F8-6B33-4214-891F-026917B3A5FD}.Debug|Any CPU.Build.0 = Debug|Any CPU
		{A825A0F8-6B33-4214-891F-026917B3A5FD}.Release|Any CPU.ActiveCfg = Release|Any CPU
		{A825A0F8-6B33-4214-891F-026917B3A5FD}.Release|Any CPU.Build.0 = Release|Any CPU
	EndGlobalSection
	GlobalSection(SolutionProperties) = preSolution
		HideSolutionNode = FALSE
	EndGlobalSection
	GlobalSection(ExtensibilityGlobals) = postSolution
		SolutionGuid = {AAA638C5-B60D-4C72-A6BA-607E4A27B87A}
	EndGlobalSection
EndGlobal
